// !$*UTF8*$!
{
	archiveVersion = 1;
	classes = {
	};
	objectVersion = 48;
	objects = {

/* Begin PBXBuildFile section */
		4416F22E20D0563C00CDF63A /* NoteRepository.swift in Sources */ = {isa = PBXBuildFile; fileRef = 4416F22D20D0563C00CDF63A /* NoteRepository.swift */; };
		441CB49A20C58092005C38A8 /* AppDelegate.swift in Sources */ = {isa = PBXBuildFile; fileRef = 441CB49920C58092005C38A8 /* AppDelegate.swift */; };
		441CB49C20C58092005C38A8 /* ToDoViewController.swift in Sources */ = {isa = PBXBuildFile; fileRef = 441CB49B20C58092005C38A8 /* ToDoViewController.swift */; };
		441CB49F20C58092005C38A8 /* Main.storyboard in Resources */ = {isa = PBXBuildFile; fileRef = 441CB49D20C58092005C38A8 /* Main.storyboard */; };
		441CB4A120C58092005C38A8 /* Assets.xcassets in Resources */ = {isa = PBXBuildFile; fileRef = 441CB4A020C58092005C38A8 /* Assets.xcassets */; };
		441CB4A420C58092005C38A8 /* LaunchScreen.storyboard in Resources */ = {isa = PBXBuildFile; fileRef = 441CB4A220C58092005C38A8 /* LaunchScreen.storyboard */; };
		4441294920C5A6B700E0AE72 /* ImageLabelTableViewCell.swift in Sources */ = {isa = PBXBuildFile; fileRef = 4441294820C5A6B700E0AE72 /* ImageLabelTableViewCell.swift */; };
		445AD34220C67C03006C77C2 /* ToDoTableViewController.swift in Sources */ = {isa = PBXBuildFile; fileRef = 445AD34120C67C03006C77C2 /* ToDoTableViewController.swift */; };
		445AD34720C68C4A006C77C2 /* Note.swift in Sources */ = {isa = PBXBuildFile; fileRef = 445AD34620C68C4A006C77C2 /* Note.swift */; };
		445AD34920C68CBB006C77C2 /* Person.swift in Sources */ = {isa = PBXBuildFile; fileRef = 445AD34820C68CBA006C77C2 /* Person.swift */; };
		445AD34B20C68D26006C77C2 /* Product.swift in Sources */ = {isa = PBXBuildFile; fileRef = 445AD34A20C68D26006C77C2 /* Product.swift */; };
		445AD34D20C68ED6006C77C2 /* NoteType.swift in Sources */ = {isa = PBXBuildFile; fileRef = 445AD34C20C68ED6006C77C2 /* NoteType.swift */; };
		445AD34F20C68F6F006C77C2 /* ProductCategory.swift in Sources */ = {isa = PBXBuildFile; fileRef = 445AD34E20C68F6F006C77C2 /* ProductCategory.swift */; };
		44AAF8CE20CD2F3600C58B37 /* Repository.swift in Sources */ = {isa = PBXBuildFile; fileRef = 44AAF8CD20CD2F3600C58B37 /* Repository.swift */; };
		44BCA3D420CECDBA00594C58 /* NotePerson.swift in Sources */ = {isa = PBXBuildFile; fileRef = 44BCA3D320CECDBA00594C58 /* NotePerson.swift */; };
		44BCA3D620CECED500594C58 /* NoteProduct.swift in Sources */ = {isa = PBXBuildFile; fileRef = 44BCA3D520CECED500594C58 /* NoteProduct.swift */; };
/* End PBXBuildFile section */

/* Begin PBXFileReference section */
		4416F22D20D0563C00CDF63A /* NoteRepository.swift */ = {isa = PBXFileReference; lastKnownFileType = sourcecode.swift; path = NoteRepository.swift; sourceTree = "<group>"; };
		441CB49620C58092005C38A8 /* ToDo.app */ = {isa = PBXFileReference; explicitFileType = wrapper.application; includeInIndex = 0; path = ToDo.app; sourceTree = BUILT_PRODUCTS_DIR; };
		441CB49920C58092005C38A8 /* AppDelegate.swift */ = {isa = PBXFileReference; lastKnownFileType = sourcecode.swift; path = AppDelegate.swift; sourceTree = "<group>"; };
		441CB49B20C58092005C38A8 /* ToDoViewController.swift */ = {isa = PBXFileReference; lastKnownFileType = sourcecode.swift; path = ToDoViewController.swift; sourceTree = "<group>"; };
		441CB49E20C58092005C38A8 /* Base */ = {isa = PBXFileReference; lastKnownFileType = file.storyboard; name = Base; path = Base.lproj/Main.storyboard; sourceTree = "<group>"; };
		441CB4A020C58092005C38A8 /* Assets.xcassets */ = {isa = PBXFileReference; lastKnownFileType = folder.assetcatalog; path = Assets.xcassets; sourceTree = "<group>"; };
		441CB4A320C58092005C38A8 /* Base */ = {isa = PBXFileReference; lastKnownFileType = file.storyboard; name = Base; path = Base.lproj/LaunchScreen.storyboard; sourceTree = "<group>"; };
		441CB4A520C58092005C38A8 /* Info.plist */ = {isa = PBXFileReference; lastKnownFileType = text.plist.xml; path = Info.plist; sourceTree = "<group>"; };
		4441294820C5A6B700E0AE72 /* ImageLabelTableViewCell.swift */ = {isa = PBXFileReference; lastKnownFileType = sourcecode.swift; path = ImageLabelTableViewCell.swift; sourceTree = "<group>"; };
		445AD34120C67C03006C77C2 /* ToDoTableViewController.swift */ = {isa = PBXFileReference; lastKnownFileType = sourcecode.swift; path = ToDoTableViewController.swift; sourceTree = "<group>"; };
		445AD34620C68C4A006C77C2 /* Note.swift */ = {isa = PBXFileReference; lastKnownFileType = sourcecode.swift; path = Note.swift; sourceTree = "<group>"; };
		445AD34820C68CBA006C77C2 /* Person.swift */ = {isa = PBXFileReference; lastKnownFileType = sourcecode.swift; path = Person.swift; sourceTree = "<group>"; };
		445AD34A20C68D26006C77C2 /* Product.swift */ = {isa = PBXFileReference; lastKnownFileType = sourcecode.swift; path = Product.swift; sourceTree = "<group>"; };
		445AD34C20C68ED6006C77C2 /* NoteType.swift */ = {isa = PBXFileReference; lastKnownFileType = sourcecode.swift; path = NoteType.swift; sourceTree = "<group>"; };
		445AD34E20C68F6F006C77C2 /* ProductCategory.swift */ = {isa = PBXFileReference; lastKnownFileType = sourcecode.swift; path = ProductCategory.swift; sourceTree = "<group>"; };
		44AAF8CD20CD2F3600C58B37 /* Repository.swift */ = {isa = PBXFileReference; lastKnownFileType = sourcecode.swift; path = Repository.swift; sourceTree = "<group>"; };
		44BCA3D320CECDBA00594C58 /* NotePerson.swift */ = {isa = PBXFileReference; lastKnownFileType = sourcecode.swift; path = NotePerson.swift; sourceTree = "<group>"; };
		44BCA3D520CECED500594C58 /* NoteProduct.swift */ = {isa = PBXFileReference; lastKnownFileType = sourcecode.swift; path = NoteProduct.swift; sourceTree = "<group>"; };
/* End PBXFileReference section */

/* Begin PBXFrameworksBuildPhase section */
		441CB49320C58092005C38A8 /* Frameworks */ = {
			isa = PBXFrameworksBuildPhase;
			buildActionMask = 2147483647;
			files = (
			);
			runOnlyForDeploymentPostprocessing = 0;
		};
/* End PBXFrameworksBuildPhase section */

/* Begin PBXGroup section */
		441CB48D20C58092005C38A8 = {
			isa = PBXGroup;
			children = (
				441CB49820C58092005C38A8 /* ToDo */,
				441CB49720C58092005C38A8 /* Products */,
			);
			sourceTree = "<group>";
		};
		441CB49720C58092005C38A8 /* Products */ = {
			isa = PBXGroup;
			children = (
				441CB49620C58092005C38A8 /* ToDo.app */,
			);
			name = Products;
			sourceTree = "<group>";
		};
		441CB49820C58092005C38A8 /* ToDo */ = {
			isa = PBXGroup;
			children = (
				44AAF8CA20CD2EC300C58B37 /* Database */,
				445AD34520C68C2E006C77C2 /* Model */,
				445AD34420C67D82006C77C2 /* TableViewCells */,
				445AD34320C67C1E006C77C2 /* VC */,
				441CB49920C58092005C38A8 /* AppDelegate.swift */,
				441CB49D20C58092005C38A8 /* Main.storyboard */,
				441CB4A020C58092005C38A8 /* Assets.xcassets */,
				441CB4A220C58092005C38A8 /* LaunchScreen.storyboard */,
				441CB4A520C58092005C38A8 /* Info.plist */,
			);
			path = ToDo;
			sourceTree = "<group>";
		};
		445AD34320C67C1E006C77C2 /* VC */ = {
			isa = PBXGroup;
			children = (
				441CB49B20C58092005C38A8 /* ToDoViewController.swift */,
				445AD34120C67C03006C77C2 /* ToDoTableViewController.swift */,
			);
			name = VC;
			path = "New Group";
			sourceTree = "<group>";
		};
		445AD34420C67D82006C77C2 /* TableViewCells */ = {
			isa = PBXGroup;
			children = (
				4441294820C5A6B700E0AE72 /* ImageLabelTableViewCell.swift */,
			);
			path = TableViewCells;
			sourceTree = "<group>";
		};
		445AD34520C68C2E006C77C2 /* Model */ = {
			isa = PBXGroup;
			children = (
				445AD34620C68C4A006C77C2 /* Note.swift */,
				445AD34820C68CBA006C77C2 /* Person.swift */,
				445AD34A20C68D26006C77C2 /* Product.swift */,
				445AD34C20C68ED6006C77C2 /* NoteType.swift */,
				445AD34E20C68F6F006C77C2 /* ProductCategory.swift */,
				44BCA3D320CECDBA00594C58 /* NotePerson.swift */,
				44BCA3D520CECED500594C58 /* NoteProduct.swift */,
			);
			path = Model;
			sourceTree = "<group>";
		};
		44AAF8CA20CD2EC300C58B37 /* Database */ = {
			isa = PBXGroup;
			children = (
				44AAF8CD20CD2F3600C58B37 /* Repository.swift */,
				4416F22D20D0563C00CDF63A /* NoteRepository.swift */,
			);
			path = Database;
			sourceTree = "<group>";
		};
/* End PBXGroup section */

/* Begin PBXNativeTarget section */
		441CB49520C58092005C38A8 /* ToDo */ = {
			isa = PBXNativeTarget;
			buildConfigurationList = 441CB4A820C58092005C38A8 /* Build configuration list for PBXNativeTarget "ToDo" */;
			buildPhases = (
				441CB49220C58092005C38A8 /* Sources */,
				441CB49320C58092005C38A8 /* Frameworks */,
				441CB49420C58092005C38A8 /* Resources */,
			);
			buildRules = (
			);
			dependencies = (
			);
			name = ToDo;
			productName = ToDo;
			productReference = 441CB49620C58092005C38A8 /* ToDo.app */;
			productType = "com.apple.product-type.application";
		};
/* End PBXNativeTarget section */

/* Begin PBXProject section */
		441CB48E20C58092005C38A8 /* Project object */ = {
			isa = PBXProject;
			attributes = {
				LastSwiftUpdateCheck = 0920;
				LastUpgradeCheck = 0920;
				ORGANIZATIONNAME = "Oleksandr Tymoshenko";
				TargetAttributes = {
					441CB49520C58092005C38A8 = {
						CreatedOnToolsVersion = 9.2;
						ProvisioningStyle = Automatic;
					};
				};
			};
			buildConfigurationList = 441CB49120C58092005C38A8 /* Build configuration list for PBXProject "ToDo" */;
			compatibilityVersion = "Xcode 8.0";
			developmentRegion = en;
			hasScannedForEncodings = 0;
			knownRegions = (
				en,
				Base,
			);
			mainGroup = 441CB48D20C58092005C38A8;
			productRefGroup = 441CB49720C58092005C38A8 /* Products */;
			projectDirPath = "";
			projectRoot = "";
			targets = (
				441CB49520C58092005C38A8 /* ToDo */,
			);
		};
/* End PBXProject section */

/* Begin PBXResourcesBuildPhase section */
		441CB49420C58092005C38A8 /* Resources */ = {
			isa = PBXResourcesBuildPhase;
			buildActionMask = 2147483647;
			files = (
				441CB4A420C58092005C38A8 /* LaunchScreen.storyboard in Resources */,
				441CB4A120C58092005C38A8 /* Assets.xcassets in Resources */,
				441CB49F20C58092005C38A8 /* Main.storyboard in Resources */,
			);
			runOnlyForDeploymentPostprocessing = 0;
		};
/* End PBXResourcesBuildPhase section */

/* Begin PBXSourcesBuildPhase section */
		441CB49220C58092005C38A8 /* Sources */ = {
			isa = PBXSourcesBuildPhase;
			buildActionMask = 2147483647;
			files = (
				445AD34920C68CBB006C77C2 /* Person.swift in Sources */,
				44BCA3D620CECED500594C58 /* NoteProduct.swift in Sources */,
				445AD34D20C68ED6006C77C2 /* NoteType.swift in Sources */,
				4416F22E20D0563C00CDF63A /* NoteRepository.swift in Sources */,
				441CB49C20C58092005C38A8 /* ToDoViewController.swift in Sources */,
				445AD34720C68C4A006C77C2 /* Note.swift in Sources */,
				445AD34F20C68F6F006C77C2 /* ProductCategory.swift in Sources */,
				44AAF8CE20CD2F3600C58B37 /* Repository.swift in Sources */,
				445AD34220C67C03006C77C2 /* ToDoTableViewController.swift in Sources */,
				441CB49A20C58092005C38A8 /* AppDelegate.swift in Sources */,
				44BCA3D420CECDBA00594C58 /* NotePerson.swift in Sources */,
				4441294920C5A6B700E0AE72 /* ImageLabelTableViewCell.swift in Sources */,
				445AD34B20C68D26006C77C2 /* Product.swift in Sources */,
			);
			runOnlyForDeploymentPostprocessing = 0;
		};
/* End PBXSourcesBuildPhase section */

/* Begin PBXVariantGroup section */
		441CB49D20C58092005C38A8 /* Main.storyboard */ = {
			isa = PBXVariantGroup;
			children = (
				441CB49E20C58092005C38A8 /* Base */,
			);
			name = Main.storyboard;
			sourceTree = "<group>";
		};
		441CB4A220C58092005C38A8 /* LaunchScreen.storyboard */ = {
			isa = PBXVariantGroup;
			children = (
				441CB4A320C58092005C38A8 /* Base */,
			);
			name = LaunchScreen.storyboard;
			sourceTree = "<group>";
		};
/* End PBXVariantGroup section */

/* Begin XCBuildConfiguration section */
		441CB4A620C58092005C38A8 /* Debug */ = {
			isa = XCBuildConfiguration;
			buildSettings = {
				ALWAYS_SEARCH_USER_PATHS = NO;
				CLANG_ANALYZER_NONNULL = YES;
				CLANG_ANALYZER_NUMBER_OBJECT_CONVERSION = YES_AGGRESSIVE;
				CLANG_CXX_LANGUAGE_STANDARD = "gnu++14";
				CLANG_CXX_LIBRARY = "libc++";
				CLANG_ENABLE_MODULES = YES;
				CLANG_ENABLE_OBJC_ARC = YES;
				CLANG_WARN_BLOCK_CAPTURE_AUTORELEASING = YES;
				CLANG_WARN_BOOL_CONVERSION = YES;
				CLANG_WARN_COMMA = YES;
				CLANG_WARN_CONSTANT_CONVERSION = YES;
				CLANG_WARN_DIRECT_OBJC_ISA_USAGE = YES_ERROR;
				CLANG_WARN_DOCUMENTATION_COMMENTS = YES;
				CLANG_WARN_EMPTY_BODY = YES;
				CLANG_WARN_ENUM_CONVERSION = YES;
				CLANG_WARN_INFINITE_RECURSION = YES;
				CLANG_WARN_INT_CONVERSION = YES;
				CLANG_WARN_NON_LITERAL_NULL_CONVERSION = YES;
				CLANG_WARN_OBJC_LITERAL_CONVERSION = YES;
				CLANG_WARN_OBJC_ROOT_CLASS = YES_ERROR;
				CLANG_WARN_RANGE_LOOP_ANALYSIS = YES;
				CLANG_WARN_STRICT_PROTOTYPES = YES;
				CLANG_WARN_SUSPICIOUS_MOVE = YES;
				CLANG_WARN_UNGUARDED_AVAILABILITY = YES_AGGRESSIVE;
				CLANG_WARN_UNREACHABLE_CODE = YES;
				CLANG_WARN__DUPLICATE_METHOD_MATCH = YES;
				CODE_SIGN_IDENTITY = "iPhone Developer";
				COPY_PHASE_STRIP = NO;
				DEBUG_INFORMATION_FORMAT = dwarf;
				ENABLE_STRICT_OBJC_MSGSEND = YES;
				ENABLE_TESTABILITY = YES;
				GCC_C_LANGUAGE_STANDARD = gnu11;
				GCC_DYNAMIC_NO_PIC = NO;
				GCC_NO_COMMON_BLOCKS = YES;
				GCC_OPTIMIZATION_LEVEL = 0;
				GCC_PREPROCESSOR_DEFINITIONS = (
					"DEBUG=1",
					"$(inherited)",
				);
				GCC_WARN_64_TO_32_BIT_CONVERSION = YES;
				GCC_WARN_ABOUT_RETURN_TYPE = YES_ERROR;
				GCC_WARN_UNDECLARED_SELECTOR = YES;
				GCC_WARN_UNINITIALIZED_AUTOS = YES_AGGRESSIVE;
				GCC_WARN_UNUSED_FUNCTION = YES;
				GCC_WARN_UNUSED_VARIABLE = YES;
				IPHONEOS_DEPLOYMENT_TARGET = 11.2;
				MTL_ENABLE_DEBUG_INFO = YES;
				ONLY_ACTIVE_ARCH = YES;
				SDKROOT = iphoneos;
				SWIFT_ACTIVE_COMPILATION_CONDITIONS = DEBUG;
				SWIFT_OPTIMIZATION_LEVEL = "-Onone";
			};
			name = Debug;
		};
		441CB4A720C58092005C38A8 /* Release */ = {
			isa = XCBuildConfiguration;
			buildSettings = {
				ALWAYS_SEARCH_USER_PATHS = NO;
				CLANG_ANALYZER_NONNULL = YES;
				CLANG_ANALYZER_NUMBER_OBJECT_CONVERSION = YES_AGGRESSIVE;
				CLANG_CXX_LANGUAGE_STANDARD = "gnu++14";
				CLANG_CXX_LIBRARY = "libc++";
				CLANG_ENABLE_MODULES = YES;
				CLANG_ENABLE_OBJC_ARC = YES;
				CLANG_WARN_BLOCK_CAPTURE_AUTORELEASING = YES;
				CLANG_WARN_BOOL_CONVERSION = YES;
				CLANG_WARN_COMMA = YES;
				CLANG_WARN_CONSTANT_CONVERSION = YES;
				CLANG_WARN_DIRECT_OBJC_ISA_USAGE = YES_ERROR;
				CLANG_WARN_DOCUMENTATION_COMMENTS = YES;
				CLANG_WARN_EMPTY_BODY = YES;
				CLANG_WARN_ENUM_CONVERSION = YES;
				CLANG_WARN_INFINITE_RECURSION = YES;
				CLANG_WARN_INT_CONVERSION = YES;
				CLANG_WARN_NON_LITERAL_NULL_CONVERSION = YES;
				CLANG_WARN_OBJC_LITERAL_CONVERSION = YES;
				CLANG_WARN_OBJC_ROOT_CLASS = YES_ERROR;
				CLANG_WARN_RANGE_LOOP_ANALYSIS = YES;
				CLANG_WARN_STRICT_PROTOTYPES = YES;
				CLANG_WARN_SUSPICIOUS_MOVE = YES;
				CLANG_WARN_UNGUARDED_AVAILABILITY = YES_AGGRESSIVE;
				CLANG_WARN_UNREACHABLE_CODE = YES;
				CLANG_WARN__DUPLICATE_METHOD_MATCH = YES;
				CODE_SIGN_IDENTITY = "iPhone Developer";
				COPY_PHASE_STRIP = NO;
				DEBUG_INFORMATION_FORMAT = "dwarf-with-dsym";
				ENABLE_NS_ASSERTIONS = NO;
				ENABLE_STRICT_OBJC_MSGSEND = YES;
				GCC_C_LANGUAGE_STANDARD = gnu11;
				GCC_NO_COMMON_BLOCKS = YES;
				GCC_WARN_64_TO_32_BIT_CONVERSION = YES;
				GCC_WARN_ABOUT_RETURN_TYPE = YES_ERROR;
				GCC_WARN_UNDECLARED_SELECTOR = YES;
				GCC_WARN_UNINITIALIZED_AUTOS = YES_AGGRESSIVE;
				GCC_WARN_UNUSED_FUNCTION = YES;
				GCC_WARN_UNUSED_VARIABLE = YES;
				IPHONEOS_DEPLOYMENT_TARGET = 11.2;
				MTL_ENABLE_DEBUG_INFO = NO;
				SDKROOT = iphoneos;
				SWIFT_OPTIMIZATION_LEVEL = "-Owholemodule";
				VALIDATE_PRODUCT = YES;
			};
			name = Release;
		};
		441CB4A920C58092005C38A8 /* Debug */ = {
			isa = XCBuildConfiguration;
			buildSettings = {
				ASSETCATALOG_COMPILER_APPICON_NAME = AppIcon;
				CODE_SIGN_STYLE = Automatic;
				INFOPLIST_FILE = ToDo/Info.plist;
				LD_RUNPATH_SEARCH_PATHS = "$(inherited) @executable_path/Frameworks";
				PRODUCT_BUNDLE_IDENTIFIER = tymoshenko.ToDo;
				PRODUCT_NAME = "$(TARGET_NAME)";
				SWIFT_VERSION = 4.0;
				TARGETED_DEVICE_FAMILY = "1,2";
			};
			name = Debug;
		};
		441CB4AA20C58092005C38A8 /* Release */ = {
			isa = XCBuildConfiguration;
			buildSettings = {
				ASSETCATALOG_COMPILER_APPICON_NAME = AppIcon;
				CODE_SIGN_STYLE = Automatic;
				INFOPLIST_FILE = ToDo/Info.plist;
				LD_RUNPATH_SEARCH_PATHS = "$(inherited) @executable_path/Frameworks";
				PRODUCT_BUNDLE_IDENTIFIER = tymoshenko.ToDo;
				PRODUCT_NAME = "$(TARGET_NAME)";
				SWIFT_VERSION = 4.0;
				TARGETED_DEVICE_FAMILY = "1,2";
			};
			name = Release;
		};
/* End XCBuildConfiguration section */

/* Begin XCConfigurationList section */
		441CB49120C58092005C38A8 /* Build configuration list for PBXProject "ToDo" */ = {
			isa = XCConfigurationList;
			buildConfigurations = (
				441CB4A620C58092005C38A8 /* Debug */,
				441CB4A720C58092005C38A8 /* Release */,
			);
			defaultConfigurationIsVisible = 0;
			defaultConfigurationName = Release;
		};
		441CB4A820C58092005C38A8 /* Build configuration list for PBXNativeTarget "ToDo" */ = {
			isa = XCConfigurationList;
			buildConfigurations = (
				441CB4A920C58092005C38A8 /* Debug */,
				441CB4AA20C58092005C38A8 /* Release */,
			);
			defaultConfigurationIsVisible = 0;
			defaultConfigurationName = Release;
		};
/* End XCConfigurationList section */
	};
	rootObject = 441CB48E20C58092005C38A8 /* Project object */;
}
